// !$*UTF8*$!
{
	archiveVersion = 1;
	classes = {
	};
	objectVersion = 46;
	objects = {

/* Begin PBXBuildFile section */
		7AE8E74B1C4220C50015FEAC /* AppDelegate.swift in Sources */ = {isa = PBXBuildFile; fileRef = 7AE8E74A1C4220C50015FEAC /* AppDelegate.swift */; };
		7AE8E74D1C4220C50015FEAC /* ViewController.swift in Sources */ = {isa = PBXBuildFile; fileRef = 7AE8E74C1C4220C50015FEAC /* ViewController.swift */; };
		7AE8E74F1C4220C50015FEAC /* Assets.xcassets in Resources */ = {isa = PBXBuildFile; fileRef = 7AE8E74E1C4220C50015FEAC /* Assets.xcassets */; };
		7AE8E7521C4220C50015FEAC /* Main.storyboard in Resources */ = {isa = PBXBuildFile; fileRef = 7AE8E7501C4220C50015FEAC /* Main.storyboard */; };
/* End PBXBuildFile section */

/* Begin PBXFileReference section */
		7AE8E7471C4220C50015FEAC /* NSTableViewSampler.app */ = {isa = PBXFileReference; explicitFileType = wrapper.application; includeInIndex = 0; path = NSTableViewSampler.app; sourceTree = BUILT_PRODUCTS_DIR; };
		7AE8E74A1C4220C50015FEAC /* AppDelegate.swift */ = {isa = PBXFileReference; lastKnownFileType = sourcecode.swift; path = AppDelegate.swift; sourceTree = "<group>"; };
		7AE8E74C1C4220C50015FEAC /* ViewController.swift */ = {isa = PBXFileReference; lastKnownFileType = sourcecode.swift; path = ViewController.swift; sourceTree = "<group>"; };
		7AE8E74E1C4220C50015FEAC /* Assets.xcassets */ = {isa = PBXFileReference; lastKnownFileType = folder.assetcatalog; path = Assets.xcassets; sourceTree = "<group>"; };
		7AE8E7511C4220C50015FEAC /* Base */ = {isa = PBXFileReference; lastKnownFileType = file.storyboard; name = Base; path = Base.lproj/Main.storyboard; sourceTree = "<group>"; };
		7AE8E7531C4220C50015FEAC /* Info.plist */ = {isa = PBXFileReference; lastKnownFileType = text.plist.xml; path = Info.plist; sourceTree = "<group>"; };
/* End PBXFileReference section */

/* Begin PBXFrameworksBuildPhase section */
		7AE8E7441C4220C50015FEAC /* Frameworks */ = {
			isa = PBXFrameworksBuildPhase;
			buildActionMask = 2147483647;
			files = (
			);
			runOnlyForDeploymentPostprocessing = 0;
		};
/* End PBXFrameworksBuildPhase section */

/* Begin PBXGroup section */
		7AE8E73E1C4220C50015FEAC = {
			isa = PBXGroup;
			children = (
				7AE8E7491C4220C50015FEAC /* NSTableViewSampler */,
				7AE8E7481C4220C50015FEAC /* Products */,
			);
			sourceTree = "<group>";
		};
		7AE8E7481C4220C50015FEAC /* Products */ = {
			isa = PBXGroup;
			children = (
				7AE8E7471C4220C50015FEAC /* NSTableViewSampler.app */,
			);
			name = Products;
			sourceTree = "<group>";
		};
		7AE8E7491C4220C50015FEAC /* NSTableViewSampler */ = {
			isa = PBXGroup;
			children = (
				7AE8E74A1C4220C50015FEAC /* AppDelegate.swift */,
				7AE8E74C1C4220C50015FEAC /* ViewController.swift */,
				7AE8E74E1C4220C50015FEAC /* Assets.xcassets */,
				7AE8E7501C4220C50015FEAC /* Main.storyboard */,
				7AE8E7531C4220C50015FEAC /* Info.plist */,
			);
			path = NSTableViewSampler;
			sourceTree = "<group>";
		};
/* End PBXGroup section */

/* Begin PBXNativeTarget section */
		7AE8E7461C4220C50015FEAC /* NSTableViewSampler */ = {
			isa = PBXNativeTarget;
			buildConfigurationList = 7AE8E7561C4220C50015FEAC /* Build configuration list for PBXNativeTarget "NSTableViewSampler" */;
			buildPhases = (
				7AE8E7431C4220C50015FEAC /* Sources */,
				7AE8E7441C4220C50015FEAC /* Frameworks */,
				7AE8E7451C4220C50015FEAC /* Resources */,
			);
			buildRules = (
			);
			dependencies = (
			);
			name = NSTableViewSampler;
			productName = NSTableViewSampler;
			productReference = 7AE8E7471C4220C50015FEAC /* NSTableViewSampler.app */;
			productType = "com.apple.product-type.application";
		};
/* End PBXNativeTarget section */

/* Begin PBXProject section */
		7AE8E73F1C4220C50015FEAC /* Project object */ = {
			isa = PBXProject;
			attributes = {
				LastSwiftUpdateCheck = 0720;
				LastUpgradeCheck = 0720;
				ORGANIZATIONNAME = "Daisuke Masuhara";
				TargetAttributes = {
					7AE8E7461C4220C50015FEAC = {
						CreatedOnToolsVersion = 7.2;
					};
				};
			};
			buildConfigurationList = 7AE8E7421C4220C50015FEAC /* Build configuration list for PBXProject "NSTableViewSampler" */;
			compatibilityVersion = "Xcode 3.2";
			developmentRegion = English;
			hasScannedForEncodings = 0;
			knownRegions = (
				en,
				Base,
			);
			mainGroup = 7AE8E73E1C4220C50015FEAC;
			productRefGroup = 7AE8E7481C4220C50015FEAC /* Products */;
			projectDirPath = "";
			projectRoot = "";
			targets = (
				7AE8E7461C4220C50015FEAC /* NSTableViewSampler */,
			);
		};
/* End PBXProject section */

/* Begin PBXResourcesBuildPhase section */
		7AE8E7451C4220C50015FEAC /* Resources */ = {
			isa = PBXResourcesBuildPhase;
			buildActionMask = 2147483647;
			files = (
				7AE8E74F1C4220C50015FEAC /* Assets.xcassets in Resources */,
				7AE8E7521C4220C50015FEAC /* Main.storyboard in Resources */,
			);
			runOnlyForDeploymentPostprocessing = 0;
		};
/* End PBXResourcesBuildPhase section */

/* Begin PBXSourcesBuildPhase section */
		7AE8E7431C4220C50015FEAC /* Sources */ = {
			isa = PBXSourcesBuildPhase;
			buildActionMask = 2147483647;
			files = (
				7AE8E74D1C4220C50015FEAC /* ViewController.swift in Sources */,
				7AE8E74B1C4220C50015FEAC /* AppDelegate.swift in Sources */,
			);
			runOnlyForDeploymentPostprocessing = 0;
		};
/* End PBXSourcesBuildPhase section */

/* Begin PBXVariantGroup section */
		7AE8E7501C4220C50015FEAC /* Main.storyboard */ = {
			isa = PBXVariantGroup;
			children = (
				7AE8E7511C4220C50015FEAC /* Base */,
			);
			name = Main.storyboard;
			sourceTree = "<group>";
		};
/* End PBXVariantGroup section */

/* Begin XCBuildConfiguration section */
		7AE8E7541C4220C50015FEAC /* Debug */ = {
			isa = XCBuildConfiguration;
			buildSettings = {
				ALWAYS_SEARCH_USER_PATHS = NO;
				CLANG_CXX_LANGUAGE_STANDARD = "gnu++0x";
				CLANG_CXX_LIBRARY = "libc++";
				CLANG_ENABLE_MODULES = YES;
				CLANG_ENABLE_OBJC_ARC = YES;
				CLANG_WARN_BOOL_CONVERSION = YES;
				CLANG_WARN_CONSTANT_CONVERSION = YES;
				CLANG_WARN_DIRECT_OBJC_ISA_USAGE = YES_ERROR;
				CLANG_WARN_EMPTY_BODY = YES;
				CLANG_WARN_ENUM_CONVERSION = YES;
				CLANG_WARN_INT_CONVERSION = YES;
				CLANG_WARN_OBJC_ROOT_CLASS = YES_ERROR;
				CLANG_WARN_UNREACHABLE_CODE = YES;
				CLANG_WARN__DUPLICATE_METHOD_MATCH = YES;
				CODE_SIGN_IDENTITY = "-";
				COPY_PHASE_STRIP = NO;
				DEBUG_INFORMATION_FORMAT = dwarf;
				ENABLE_STRICT_OBJC_MSGSEND = YES;
				ENABLE_TESTABILITY = YES;
				GCC_C_LANGUAGE_STANDARD = gnu99;
				GCC_DYNAMIC_NO_PIC = NO;
				GCC_NO_COMMON_BLOCKS = YES;
				GCC_OPTIMIZATION_LEVEL = 0;
				GCC_PREPROCESSOR_DEFINITIONS = (
					"DEBUG=1",
					"$(inherited)",
				);
				GCC_WARN_64_TO_32_BIT_CONVERSION = YES;
				GCC_WARN_ABOUT_RETURN_TYPE = YES_ERROR;
				GCC_WARN_UNDECLARED_SELECTOR = YES;
				GCC_WARN_UNINITIALIZED_AUTOS = YES_AGGRESSIVE;
				GCC_WARN_UNUSED_FUNCTION = YES;
				GCC_WARN_UNUSED_VARIABLE = YES;
				MACOSX_DEPLOYMENT_TARGET = 10.10;
				MTL_ENABLE_DEBUG_INFO = YES;
				ONLY_ACTIVE_ARCH = YES;
				SDKROOT = macosx;
				SWIFT_OPTIMIZATION_LEVEL = "-Onone";
			};
			name = Debug;
		};
		7AE8E7551C4220C50015FEAC /* Release */ = {
			isa = XCBuildConfiguration;
			buildSettings = {
				ALWAYS_SEARCH_USER_PATHS = NO;
				CLANG_CXX_LANGUAGE_STANDARD = "gnu++0x";
				CLANG_CXX_LIBRARY = "libc++";
				CLANG_ENABLE_MODULES = YES;
				CLANG_ENABLE_OBJC_ARC = YES;
				CLANG_WARN_BOOL_CONVERSION = YES;
				CLANG_WARN_CONSTANT_CONVERSION = YES;
				CLANG_WARN_DIRECT_OBJC_ISA_USAGE = YES_ERROR;
				CLANG_WARN_EMPTY_BODY = YES;
				CLANG_WARN_ENUM_CONVERSION = YES;
				CLANG_WARN_INT_CONVERSION = YES;
				CLANG_WARN_OBJC_ROOT_CLASS = YES_ERROR;
				CLANG_WARN_UNREACHABLE_CODE = YES;
				CLANG_WARN__DUPLICATE_METHOD_MATCH = YES;
				CODE_SIGN_IDENTITY = "-";
				COPY_PHASE_STRIP = NO;
				DEBUG_INFORMATION_FORMAT = "dwarf-with-dsym";
				ENABLE_NS_ASSERTIONS = NO;
				ENABLE_STRICT_OBJC_MSGSEND = YES;
				GCC_C_LANGUAGE_STANDARD = gnu99;
				GCC_NO_COMMON_BLOCKS = YES;
				GCC_WARN_64_TO_32_BIT_CONVERSION = YES;
				GCC_WARN_ABOUT_RETURN_TYPE = YES_ERROR;
				GCC_WARN_UNDECLARED_SELECTOR = YES;
				GCC_WARN_UNINITIALIZED_AUTOS = YES_AGGRESSIVE;
				GCC_WARN_UNUSED_FUNCTION = YES;
				GCC_WARN_UNUSED_VARIABLE = YES;
				MACOSX_DEPLOYMENT_TARGET = 10.10;
				MTL_ENABLE_DEBUG_INFO = NO;
				SDKROOT = macosx;
			};
			name = Release;
		};
		7AE8E7571C4220C50015FEAC /* Debug */ = {
			isa = XCBuildConfiguration;
			buildSettings = {
				ASSETCATALOG_COMPILER_APPICON_NAME = AppIcon;
				COMBINE_HIDPI_IMAGES = YES;
				INFOPLIST_FILE = NSTableViewSampler/Info.plist;
				LD_RUNPATH_SEARCH_PATHS = "$(inherited) @executable_path/../Frameworks";
				PRODUCT_BUNDLE_IDENTIFIER = net.masuhara.NSTableViewSampler;
				PRODUCT_NAME = "$(TARGET_NAME)";
			};
			name = Debug;
		};
		7AE8E7581C4220C50015FEAC /* Release */ = {
			isa = XCBuildConfiguration;
			buildSettings = {
				ASSETCATALOG_COMPILER_APPICON_NAME = AppIcon;
				COMBINE_HIDPI_IMAGES = YES;
				INFOPLIST_FILE = NSTableViewSampler/Info.plist;
				LD_RUNPATH_SEARCH_PATHS = "$(inherited) @executable_path/../Frameworks";
				PRODUCT_BUNDLE_IDENTIFIER = net.masuhara.NSTableViewSampler;
				PRODUCT_NAME = "$(TARGET_NAME)";
			};
			name = Release;
		};
/* End XCBuildConfiguration section */

/* Begin XCConfigurationList section */
		7AE8E7421C4220C50015FEAC /* Build configuration list for PBXProject "NSTableViewSampler" */ = {
			isa = XCConfigurationList;
			buildConfigurations = (
				7AE8E7541C4220C50015FEAC /* Debug */,
				7AE8E7551C4220C50015FEAC /* Release */,
			);
			defaultConfigurationIsVisible = 0;
			defaultConfigurationName = Release;
		};
		7AE8E7561C4220C50015FEAC /* Build configuration list for PBXNativeTarget "NSTableViewSampler" */ = {
			isa = XCConfigurationList;
			buildConfigurations = (
				7AE8E7571C4220C50015FEAC /* Debug */,
				7AE8E7581C4220C50015FEAC /* Release */,
			);
			defaultConfigurationIsVisible = 0;
		};
/* End XCConfigurationList section */
	};
	rootObject = 7AE8E73F1C4220C50015FEAC /* Project object */;
}
